
Microsoft Visual Studio Solution File, Format Version 12.00
# Visual Studio Version 17
VisualStudioVersion = 17.5.2.0
MinimumVisualStudioVersion = 10.0.40219.1
Project("{FAE04EC0-301F-11D3-BF4B-00C04F79EFBC}") = "Ejada.PresentationLayer", "Ejada.PresentationLayer\Ejada.PresentationLayer.csproj", "{09A3BB8F-B9E4-0BB8-A0FD-A2DE1F1E3FED}"
EndProject
Project("{FAE04EC0-301F-11D3-BF4B-00C04F79EFBC}") = "Ejada.BusinessLogicLayer", "Ejada.BusinessLogicLayer\Ejada.BusinessLogicLayer.csproj", "{5B950E34-3941-4001-BF96-89E548348B96}"
EndProject
Project("{FAE04EC0-301F-11D3-BF4B-00C04F79EFBC}") = "Ejada.DataAccessLayer", "Ejada.DataAccessLayer\Ejada.DataAccessLayer.csproj", "{E9E79CCB-5E1E-4F40-993A-CD258CA87F27}"
EndProject
Global
	GlobalSection(SolutionConfigurationPlatforms) = preSolution
		Debug|Any CPU = Debug|Any CPU
		Debug|x64 = Debug|x64
		Debug|x86 = Debug|x86
		Release|Any CPU = Release|Any CPU
		Release|x64 = Release|x64
		Release|x86 = Release|x86
	EndGlobalSection
	GlobalSection(ProjectConfigurationPlatforms) = postSolution
		{09A3BB8F-B9E4-0BB8-A0FD-A2DE1F1E3FED}.Debug|Any CPU.ActiveCfg = Debug|Any CPU
		{09A3BB8F-B9E4-0BB8-A0FD-A2DE1F1E3FED}.Debug|Any CPU.Build.0 = Debug|Any CPU
		{09A3BB8F-B9E4-0BB8-A0FD-A2DE1F1E3FED}.Debug|x64.ActiveCfg = Debug|Any CPU
		{09A3BB8F-B9E4-0BB8-A0FD-A2DE1F1E3FED}.Debug|x64.Build.0 = Debug|Any CPU
		{09A3BB8F-B9E4-0BB8-A0FD-A2DE1F1E3FED}.Debug|x86.ActiveCfg = Debug|Any CPU
		{09A3BB8F-B9E4-0BB8-A0FD-A2DE1F1E3FED}.Debug|x86.Build.0 = Debug|Any CPU
		{09A3BB8F-B9E4-0BB8-A0FD-A2DE1F1E3FED}.Release|Any CPU.ActiveCfg = Release|Any CPU
		{09A3BB8F-B9E4-0BB8-A0FD-A2DE1F1E3FED}.Release|Any CPU.Build.0 = Release|Any CPU
		{09A3BB8F-B9E4-0BB8-A0FD-A2DE1F1E3FED}.Release|x64.ActiveCfg = Release|Any CPU
		{09A3BB8F-B9E4-0BB8-A0FD-A2DE1F1E3FED}.Release|x64.Build.0 = Release|Any CPU
		{09A3BB8F-B9E4-0BB8-A0FD-A2DE1F1E3FED}.Release|x86.ActiveCfg = Release|Any CPU
		{09A3BB8F-B9E4-0BB8-A0FD-A2DE1F1E3FED}.Release|x86.Build.0 = Release|Any CPU
		{5B950E34-3941-4001-BF96-89E548348B96}.Debug|Any CPU.ActiveCfg = Debug|Any CPU
		{5B950E34-3941-4001-BF96-89E548348B96}.Debug|Any CPU.Build.0 = Debug|Any CPU
		{5B950E34-3941-4001-BF96-89E548348B96}.Debug|x64.ActiveCfg = Debug|Any CPU
		{5B950E34-3941-4001-BF96-89E548348B96}.Debug|x64.Build.0 = Debug|Any CPU
		{5B950E34-3941-4001-BF96-89E548348B96}.Debug|x86.ActiveCfg = Debug|Any CPU
		{5B950E34-3941-4001-BF96-89E548348B96}.Debug|x86.Build.0 = Debug|Any CPU
		{5B950E34-3941-4001-BF96-89E548348B96}.Release|Any CPU.ActiveCfg = Release|Any CPU
		{5B950E34-3941-4001-BF96-89E548348B96}.Release|Any CPU.Build.0 = Release|Any CPU
		{5B950E34-3941-4001-BF96-89E548348B96}.Release|x64.ActiveCfg = Release|Any CPU
		{5B950E34-3941-4001-BF96-89E548348B96}.Release|x64.Build.0 = Release|Any CPU
		{5B950E34-3941-4001-BF96-89E548348B96}.Release|x86.ActiveCfg = Release|Any CPU
		{5B950E34-3941-4001-BF96-89E548348B96}.Release|x86.Build.0 = Release|Any CPU
		{E9E79CCB-5E1E-4F40-993A-CD258CA87F27}.Debug|Any CPU.ActiveCfg = Debug|Any CPU
		{E9E79CCB-5E1E-4F40-993A-CD258CA87F27}.Debug|Any CPU.Build.0 = Debug|Any CPU
		{E9E79CCB-5E1E-4F40-993A-CD258CA87F27}.Debug|x64.ActiveCfg = Debug|Any CPU
		{E9E79CCB-5E1E-4F40-993A-CD258CA87F27}.Debug|x64.Build.0 = Debug|Any CPU
		{E9E79CCB-5E1E-4F40-993A-CD258CA87F27}.Debug|x86.ActiveCfg = Debug|Any CPU
		{E9E79CCB-5E1E-4F40-993A-CD258CA87F27}.Debug|x86.Build.0 = Debug|Any CPU
		{E9E79CCB-5E1E-4F40-993A-CD258CA87F27}.Release|Any CPU.ActiveCfg = Release|Any CPU
		{E9E79CCB-5E1E-4F40-993A-CD258CA87F27}.Release|Any CPU.Build.0 = Release|Any CPU
		{E9E79CCB-5E1E-4F40-993A-CD258CA87F27}.Release|x64.ActiveCfg = Release|Any CPU
		{E9E79CCB-5E1E-4F40-993A-CD258CA87F27}.Release|x64.Build.0 = Release|Any CPU
		{E9E79CCB-5E1E-4F40-993A-CD258CA87F27}.Release|x86.ActiveCfg = Release|Any CPU
		{E9E79CCB-5E1E-4F40-993A-CD258CA87F27}.Release|x86.Build.0 = Release|Any CPU
	EndGlobalSection
	GlobalSection(SolutionProperties) = preSolution
		HideSolutionNode = FALSE
	EndGlobalSection
	GlobalSection(ExtensibilityGlobals) = postSolution
		SolutionGuid = {8949D290-6353-4429-94A4-667786935C6D}
	EndGlobalSection
EndGlobal
